
Microsoft Visual Studio Solution File, Format Version 12.00
# Visual Studio Version 17
VisualStudioVersion = 17.3.32929.385
MinimumVisualStudioVersion = 10.0.40219.1
Project("{FAE04EC0-301F-11D3-BF4B-00C04F79EFBC}") = "project 1", "project 1.csproj", "{15891FBD-1D72-4D71-B25E-2889A87BFA17}"
EndProject
Global
	GlobalSection(SolutionConfigurationPlatforms) = preSolution
		Debug|Any CPU = Debug|Any CPU
		Release|Any CPU = Release|Any CPU
	EndGlobalSection
	GlobalSection(ProjectConfigurationPlatforms) = postSolution
		{15891FBD-1D72-4D71-B25E-2889A87BFA17}.Debug|Any CPU.ActiveCfg = Debug|Any CPU
		{15891FBD-1D72-4D71-B25E-2889A87BFA17}.Debug|Any CPU.Build.0 = Debug|Any CPU
		{15891FBD-1D72-4D71-B25E-2889A87BFA17}.Release|Any CPU.ActiveCfg = Release|Any CPU
		{15891FBD-1D72-4D71-B25E-2889A87BFA17}.Release|Any CPU.Build.0 = Release|Any CPU
	EndGlobalSection
	GlobalSection(SolutionProperties) = preSolution
		HideSolutionNode = FALSE
	EndGlobalSection
	GlobalSection(ExtensibilityGlobals) = postSolution
		SolutionGuid = {76C0A38B-D8D1-4615-8EC5-6260D559F905}
	EndGlobalSection
EndGlobal
